
Microsoft Visual Studio Solution File, Format Version 11.00
# Visual Studio 2010
Project("{FAE04EC0-301F-11D3-BF4B-00C04F79EFBC}") = "AIO2013", "AIO2013\AIO2013.csproj", "{F3F99344-0CB6-4EE4-A882-C18FFAE23243}"
EndProject
Project("{FAE04EC0-301F-11D3-BF4B-00C04F79EFBC}") = "FileOperation", "fileOperations\FileOperation.csproj", "{260EAEFE-D38D-4539-BAA2-708704B2D873}"
EndProject
Project("{FAE04EC0-301F-11D3-BF4B-00C04F79EFBC}") = "TeboScreen", "Teboscreen_source_code\TeboScreen\TeboScreen.csproj", "{2D2F6F45-88FE-4CAA-B94B-DDF89F9F423D}"
EndProject
Global
	GlobalSection(SolutionConfigurationPlatforms) = preSolution
		Debug|Any CPU = Debug|Any CPU
		Release|Any CPU = Release|Any CPU
	EndGlobalSection
	GlobalSection(ProjectConfigurationPlatforms) = postSolution
		{F3F99344-0CB6-4EE4-A882-C18FFAE23243}.Debug|Any CPU.ActiveCfg = Debug|Any CPU
		{F3F99344-0CB6-4EE4-A882-C18FFAE23243}.Debug|Any CPU.Build.0 = Debug|Any CPU
		{F3F99344-0CB6-4EE4-A882-C18FFAE23243}.Release|Any CPU.ActiveCfg = Release|Any CPU
		{F3F99344-0CB6-4EE4-A882-C18FFAE23243}.Release|Any CPU.Build.0 = Release|Any CPU
		{260EAEFE-D38D-4539-BAA2-708704B2D873}.Debug|Any CPU.ActiveCfg = Debug|Any CPU
		{260EAEFE-D38D-4539-BAA2-708704B2D873}.Debug|Any CPU.Build.0 = Debug|Any CPU
		{260EAEFE-D38D-4539-BAA2-708704B2D873}.Release|Any CPU.ActiveCfg = Release|Any CPU
		{260EAEFE-D38D-4539-BAA2-708704B2D873}.Release|Any CPU.Build.0 = Release|Any CPU
		{2D2F6F45-88FE-4CAA-B94B-DDF89F9F423D}.Debug|Any CPU.ActiveCfg = Debug|Any CPU
		{2D2F6F45-88FE-4CAA-B94B-DDF89F9F423D}.Debug|Any CPU.Build.0 = Debug|Any CPU
		{2D2F6F45-88FE-4CAA-B94B-DDF89F9F423D}.Release|Any CPU.ActiveCfg = Release|Any CPU
		{2D2F6F45-88FE-4CAA-B94B-DDF89F9F423D}.Release|Any CPU.Build.0 = Release|Any CPU
	EndGlobalSection
	GlobalSection(SolutionProperties) = preSolution
		HideSolutionNode = FALSE
	EndGlobalSection
EndGlobal
